dependencies:
- name: firefly-db
  repository: file://../firefly-db
  version: 0.0.3
- name: firefly-iii
  repository: file://../firefly-iii
  version: 1.0.0
- name: importer
  repository: file://../importer
  version: 1.1.0
digest: sha256:21b110d1c03f73d34f2370323e8a13eaa97907dc64a60e33908f2065c46b5254
generated: "2022-02-12T23:10:10.505632775+01:00"
