dependencies:
- name: firefly-db
  repository: file://../firefly-db
  version: 0.0.3
- name: firefly-iii
  repository: file://../firefly-iii
  version: 1.0.0
- name: importer
  repository: file://../importer
  version: 1.0.1
digest: sha256:9f3e4d4a0074368a806045da018f03e969ffc0e9bf2761e16908df75b8d6272c
generated: "2022-02-10T13:37:38.397518254+01:00"
